// !$*UTF8*$!
{
	archiveVersion = 1;
	classes = {
	};
	objectVersion = 46;
	objects = {

/* Begin PBXBuildFile section */
		9E685F8B1D772D870000620E /* AppDelegate.swift in Sources */ = {isa = PBXBuildFile; fileRef = 9E685F8A1D772D870000620E /* AppDelegate.swift */; };
		9E685F8D1D772D870000620E /* ViewController.swift in Sources */ = {isa = PBXBuildFile; fileRef = 9E685F8C1D772D870000620E /* ViewController.swift */; };
		9E685F901D772D870000620E /* Main.storyboard in Resources */ = {isa = PBXBuildFile; fileRef = 9E685F8E1D772D870000620E /* Main.storyboard */; };
		9E685F921D772D870000620E /* Assets.xcassets in Resources */ = {isa = PBXBuildFile; fileRef = 9E685F911D772D870000620E /* Assets.xcassets */; };
		9E685F951D772D870000620E /* LaunchScreen.storyboard in Resources */ = {isa = PBXBuildFile; fileRef = 9E685F931D772D870000620E /* LaunchScreen.storyboard */; };
		9E685F9D1D773E140000620E /* CollectionViewCell.swift in Sources */ = {isa = PBXBuildFile; fileRef = 9E685F9C1D773E140000620E /* CollectionViewCell.swift */; };
		9E685F9F1D7743EA0000620E /* CardsFlowLayout.swift in Sources */ = {isa = PBXBuildFile; fileRef = 9E685F9E1D7743EA0000620E /* CardsFlowLayout.swift */; };
/* End PBXBuildFile section */

/* Begin PBXFileReference section */
		9E685F871D772D870000620E /* CardsCollectionView.app */ = {isa = PBXFileReference; explicitFileType = wrapper.application; includeInIndex = 0; path = CardsCollectionView.app; sourceTree = BUILT_PRODUCTS_DIR; };
		9E685F8A1D772D870000620E /* AppDelegate.swift */ = {isa = PBXFileReference; lastKnownFileType = sourcecode.swift; path = AppDelegate.swift; sourceTree = "<group>"; };
		9E685F8C1D772D870000620E /* ViewController.swift */ = {isa = PBXFileReference; lastKnownFileType = sourcecode.swift; path = ViewController.swift; sourceTree = "<group>"; };
		9E685F8F1D772D870000620E /* Base */ = {isa = PBXFileReference; lastKnownFileType = file.storyboard; name = Base; path = Base.lproj/Main.storyboard; sourceTree = "<group>"; };
		9E685F911D772D870000620E /* Assets.xcassets */ = {isa = PBXFileReference; lastKnownFileType = folder.assetcatalog; path = Assets.xcassets; sourceTree = "<group>"; };
		9E685F941D772D870000620E /* Base */ = {isa = PBXFileReference; lastKnownFileType = file.storyboard; name = Base; path = Base.lproj/LaunchScreen.storyboard; sourceTree = "<group>"; };
		9E685F961D772D870000620E /* Info.plist */ = {isa = PBXFileReference; lastKnownFileType = text.plist.xml; path = Info.plist; sourceTree = "<group>"; };
		9E685F9C1D773E140000620E /* CollectionViewCell.swift */ = {isa = PBXFileReference; fileEncoding = 4; lastKnownFileType = sourcecode.swift; path = CollectionViewCell.swift; sourceTree = "<group>"; };
		9E685F9E1D7743EA0000620E /* CardsFlowLayout.swift */ = {isa = PBXFileReference; fileEncoding = 4; lastKnownFileType = sourcecode.swift; path = CardsFlowLayout.swift; sourceTree = "<group>"; };
/* End PBXFileReference section */

/* Begin PBXFrameworksBuildPhase section */
		9E685F841D772D870000620E /* Frameworks */ = {
			isa = PBXFrameworksBuildPhase;
			buildActionMask = 2147483647;
			files = (
			);
			runOnlyForDeploymentPostprocessing = 0;
		};
/* End PBXFrameworksBuildPhase section */

/* Begin PBXGroup section */
		9E685F7E1D772D870000620E = {
			isa = PBXGroup;
			children = (
				9E685F891D772D870000620E /* CardsCollectionView */,
				9E685F881D772D870000620E /* Products */,
			);
			sourceTree = "<group>";
		};
		9E685F881D772D870000620E /* Products */ = {
			isa = PBXGroup;
			children = (
				9E685F871D772D870000620E /* CardsCollectionView.app */,
			);
			name = Products;
			sourceTree = "<group>";
		};
		9E685F891D772D870000620E /* CardsCollectionView */ = {
			isa = PBXGroup;
			children = (
				9E685F8A1D772D870000620E /* AppDelegate.swift */,
				9E685F9E1D7743EA0000620E /* CardsFlowLayout.swift */,
				9E685F9C1D773E140000620E /* CollectionViewCell.swift */,
				9E685F8C1D772D870000620E /* ViewController.swift */,
				9E685F8E1D772D870000620E /* Main.storyboard */,
				9E685F911D772D870000620E /* Assets.xcassets */,
				9E685F931D772D870000620E /* LaunchScreen.storyboard */,
				9E685F961D772D870000620E /* Info.plist */,
			);
			path = CardsCollectionView;
			sourceTree = "<group>";
		};
/* End PBXGroup section */

/* Begin PBXNativeTarget section */
		9E685F861D772D870000620E /* CardsCollectionView */ = {
			isa = PBXNativeTarget;
			buildConfigurationList = 9E685F991D772D870000620E /* Build configuration list for PBXNativeTarget "CardsCollectionView" */;
			buildPhases = (
				9E685F831D772D870000620E /* Sources */,
				9E685F841D772D870000620E /* Frameworks */,
				9E685F851D772D870000620E /* Resources */,
			);
			buildRules = (
			);
			dependencies = (
			);
			name = CardsCollectionView;
			productName = CardsCollectionView;
			productReference = 9E685F871D772D870000620E /* CardsCollectionView.app */;
			productType = "com.apple.product-type.application";
		};
/* End PBXNativeTarget section */

/* Begin PBXProject section */
		9E685F7F1D772D870000620E /* Project object */ = {
			isa = PBXProject;
			attributes = {
				LastSwiftUpdateCheck = 0730;
				LastUpgradeCheck = 0730;
				ORGANIZATIONNAME = Mangesh;
				TargetAttributes = {
					9E685F861D772D870000620E = {
						CreatedOnToolsVersion = 7.3.1;
					};
				};
			};
			buildConfigurationList = 9E685F821D772D870000620E /* Build configuration list for PBXProject "CardsCollectionView" */;
			compatibilityVersion = "Xcode 3.2";
			developmentRegion = English;
			hasScannedForEncodings = 0;
			knownRegions = (
				en,
				Base,
			);
			mainGroup = 9E685F7E1D772D870000620E;
			productRefGroup = 9E685F881D772D870000620E /* Products */;
			projectDirPath = "";
			projectRoot = "";
			targets = (
				9E685F861D772D870000620E /* CardsCollectionView */,
			);
		};
/* End PBXProject section */

/* Begin PBXResourcesBuildPhase section */
		9E685F851D772D870000620E /* Resources */ = {
			isa = PBXResourcesBuildPhase;
			buildActionMask = 2147483647;
			files = (
				9E685F951D772D870000620E /* LaunchScreen.storyboard in Resources */,
				9E685F921D772D870000620E /* Assets.xcassets in Resources */,
				9E685F901D772D870000620E /* Main.storyboard in Resources */,
			);
			runOnlyForDeploymentPostprocessing = 0;
		};
/* End PBXResourcesBuildPhase section */

/* Begin PBXSourcesBuildPhase section */
		9E685F831D772D870000620E /* Sources */ = {
			isa = PBXSourcesBuildPhase;
			buildActionMask = 2147483647;
			files = (
				9E685F8D1D772D870000620E /* ViewController.swift in Sources */,
				9E685F8B1D772D870000620E /* AppDelegate.swift in Sources */,
				9E685F9D1D773E140000620E /* CollectionViewCell.swift in Sources */,
				9E685F9F1D7743EA0000620E /* CardsFlowLayout.swift in Sources */,
			);
			runOnlyForDeploymentPostprocessing = 0;
		};
/* End PBXSourcesBuildPhase section */

/* Begin PBXVariantGroup section */
		9E685F8E1D772D870000620E /* Main.storyboard */ = {
			isa = PBXVariantGroup;
			children = (
				9E685F8F1D772D870000620E /* Base */,
			);
			name = Main.storyboard;
			sourceTree = "<group>";
		};
		9E685F931D772D870000620E /* LaunchScreen.storyboard */ = {
			isa = PBXVariantGroup;
			children = (
				9E685F941D772D870000620E /* Base */,
			);
			name = LaunchScreen.storyboard;
			sourceTree = "<group>";
		};
/* End PBXVariantGroup section */

/* Begin XCBuildConfiguration section */
		9E685F971D772D870000620E /* Debug */ = {
			isa = XCBuildConfiguration;
			buildSettings = {
				ALWAYS_SEARCH_USER_PATHS = NO;
				CLANG_ANALYZER_NONNULL = YES;
				CLANG_CXX_LANGUAGE_STANDARD = "gnu++0x";
				CLANG_CXX_LIBRARY = "libc++";
				CLANG_ENABLE_MODULES = YES;
				CLANG_ENABLE_OBJC_ARC = YES;
				CLANG_WARN_BOOL_CONVERSION = YES;
				CLANG_WARN_CONSTANT_CONVERSION = YES;
				CLANG_WARN_DIRECT_OBJC_ISA_USAGE = YES_ERROR;
				CLANG_WARN_EMPTY_BODY = YES;
				CLANG_WARN_ENUM_CONVERSION = YES;
				CLANG_WARN_INT_CONVERSION = YES;
				CLANG_WARN_OBJC_ROOT_CLASS = YES_ERROR;
				CLANG_WARN_UNREACHABLE_CODE = YES;
				CLANG_WARN__DUPLICATE_METHOD_MATCH = YES;
				"CODE_SIGN_IDENTITY[sdk=iphoneos*]" = "iPhone Developer";
				COPY_PHASE_STRIP = NO;
				DEBUG_INFORMATION_FORMAT = dwarf;
				ENABLE_STRICT_OBJC_MSGSEND = YES;
				ENABLE_TESTABILITY = YES;
				GCC_C_LANGUAGE_STANDARD = gnu99;
				GCC_DYNAMIC_NO_PIC = NO;
				GCC_NO_COMMON_BLOCKS = YES;
				GCC_OPTIMIZATION_LEVEL = 0;
				GCC_PREPROCESSOR_DEFINITIONS = (
					"DEBUG=1",
					"$(inherited)",
				);
				GCC_WARN_64_TO_32_BIT_CONVERSION = YES;
				GCC_WARN_ABOUT_RETURN_TYPE = YES_ERROR;
				GCC_WARN_UNDECLARED_SELECTOR = YES;
				GCC_WARN_UNINITIALIZED_AUTOS = YES_AGGRESSIVE;
				GCC_WARN_UNUSED_FUNCTION = YES;
				GCC_WARN_UNUSED_VARIABLE = YES;
				IPHONEOS_DEPLOYMENT_TARGET = 9.3;
				MTL_ENABLE_DEBUG_INFO = YES;
				ONLY_ACTIVE_ARCH = YES;
				SDKROOT = iphoneos;
				SWIFT_OPTIMIZATION_LEVEL = "-Onone";
				TARGETED_DEVICE_FAMILY = "1,2";
			};
			name = Debug;
		};
		9E685F981D772D870000620E /* Release */ = {
			isa = XCBuildConfiguration;
			buildSettings = {
				ALWAYS_SEARCH_USER_PATHS = NO;
				CLANG_ANALYZER_NONNULL = YES;
				CLANG_CXX_LANGUAGE_STANDARD = "gnu++0x";
				CLANG_CXX_LIBRARY = "libc++";
				CLANG_ENABLE_MODULES = YES;
				CLANG_ENABLE_OBJC_ARC = YES;
				CLANG_WARN_BOOL_CONVERSION = YES;
				CLANG_WARN_CONSTANT_CONVERSION = YES;
				CLANG_WARN_DIRECT_OBJC_ISA_USAGE = YES_ERROR;
				CLANG_WARN_EMPTY_BODY = YES;
				CLANG_WARN_ENUM_CONVERSION = YES;
				CLANG_WARN_INT_CONVERSION = YES;
				CLANG_WARN_OBJC_ROOT_CLASS = YES_ERROR;
				CLANG_WARN_UNREACHABLE_CODE = YES;
				CLANG_WARN__DUPLICATE_METHOD_MATCH = YES;
				"CODE_SIGN_IDENTITY[sdk=iphoneos*]" = "iPhone Developer";
				COPY_PHASE_STRIP = NO;
				DEBUG_INFORMATION_FORMAT = "dwarf-with-dsym";
				ENABLE_NS_ASSERTIONS = NO;
				ENABLE_STRICT_OBJC_MSGSEND = YES;
				GCC_C_LANGUAGE_STANDARD = gnu99;
				GCC_NO_COMMON_BLOCKS = YES;
				GCC_WARN_64_TO_32_BIT_CONVERSION = YES;
				GCC_WARN_ABOUT_RETURN_TYPE = YES_ERROR;
				GCC_WARN_UNDECLARED_SELECTOR = YES;
				GCC_WARN_UNINITIALIZED_AUTOS = YES_AGGRESSIVE;
				GCC_WARN_UNUSED_FUNCTION = YES;
				GCC_WARN_UNUSED_VARIABLE = YES;
				IPHONEOS_DEPLOYMENT_TARGET = 9.3;
				MTL_ENABLE_DEBUG_INFO = NO;
				SDKROOT = iphoneos;
				TARGETED_DEVICE_FAMILY = "1,2";
				VALIDATE_PRODUCT = YES;
			};
			name = Release;
		};
		9E685F9A1D772D870000620E /* Debug */ = {
			isa = XCBuildConfiguration;
			buildSettings = {
				ASSETCATALOG_COMPILER_APPICON_NAME = AppIcon;
				INFOPLIST_FILE = CardsCollectionView/Info.plist;
				LD_RUNPATH_SEARCH_PATHS = "$(inherited) @executable_path/Frameworks";
				PRODUCT_BUNDLE_IDENTIFIER = Fantoo.CardsCollectionView;
				PRODUCT_NAME = "$(TARGET_NAME)";
			};
			name = Debug;
		};
		9E685F9B1D772D870000620E /* Release */ = {
			isa = XCBuildConfiguration;
			buildSettings = {
				ASSETCATALOG_COMPILER_APPICON_NAME = AppIcon;
				INFOPLIST_FILE = CardsCollectionView/Info.plist;
				LD_RUNPATH_SEARCH_PATHS = "$(inherited) @executable_path/Frameworks";
				PRODUCT_BUNDLE_IDENTIFIER = Fantoo.CardsCollectionView;
				PRODUCT_NAME = "$(TARGET_NAME)";
			};
			name = Release;
		};
/* End XCBuildConfiguration section */

/* Begin XCConfigurationList section */
		9E685F821D772D870000620E /* Build configuration list for PBXProject "CardsCollectionView" */ = {
			isa = XCConfigurationList;
			buildConfigurations = (
				9E685F971D772D870000620E /* Debug */,
				9E685F981D772D870000620E /* Release */,
			);
			defaultConfigurationIsVisible = 0;
			defaultConfigurationName = Release;
		};
		9E685F991D772D870000620E /* Build configuration list for PBXNativeTarget "CardsCollectionView" */ = {
			isa = XCConfigurationList;
			buildConfigurations = (
				9E685F9A1D772D870000620E /* Debug */,
				9E685F9B1D772D870000620E /* Release */,
			);
			defaultConfigurationIsVisible = 0;
		};
/* End XCConfigurationList section */
	};
	rootObject = 9E685F7F1D772D870000620E /* Project object */;
}
